
Microsoft Visual Studio Solution File, Format Version 12.00
# Visual Studio 2013
VisualStudioVersion = 12.0.30110.0
MinimumVisualStudioVersion = 10.0.40219.1
Project("{FAE04EC0-301F-11D3-BF4B-00C04F79EFBC}") = "Appceptive.Agent.Core", "src\Appceptive.Agent.Core\Appceptive.Agent.Core.csproj", "{B926E6E0-D6BD-42AD-A044-CBD1B93DEC8C}"
EndProject
Project("{FAE04EC0-301F-11D3-BF4B-00C04F79EFBC}") = "Appceptive.Agent.Serilog", "src\Appceptive.Agent.Serilog\Appceptive.Agent.Serilog.csproj", "{03282B3C-A01B-4F84-BD29-7EC433637AE2}"
EndProject
Project("{FAE04EC0-301F-11D3-BF4B-00C04F79EFBC}") = "Appceptive.Agent.Web", "src\Appceptive.Agent.Web\Appceptive.Agent.Web.csproj", "{3920A70C-893F-4EE3-8A1E-8D945714FBAE}"
EndProject
Project("{2150E333-8FDC-42A3-9474-1A3956D46DE8}") = ".nuget", ".nuget", "{0D142F3F-AB3B-4187-86F9-8FF09BB4F1CD}"
	ProjectSection(SolutionItems) = preProject
		.nuget\NuGet.Config = .nuget\NuGet.Config
		.nuget\NuGet.exe = .nuget\NuGet.exe
		.nuget\NuGet.targets = .nuget\NuGet.targets
	EndProjectSection
EndProject
Global
	GlobalSection(SolutionConfigurationPlatforms) = preSolution
		Debug|Any CPU = Debug|Any CPU
		Release|Any CPU = Release|Any CPU
	EndGlobalSection
	GlobalSection(ProjectConfigurationPlatforms) = postSolution
		{B926E6E0-D6BD-42AD-A044-CBD1B93DEC8C}.Debug|Any CPU.ActiveCfg = Debug|Any CPU
		{B926E6E0-D6BD-42AD-A044-CBD1B93DEC8C}.Debug|Any CPU.Build.0 = Debug|Any CPU
		{B926E6E0-D6BD-42AD-A044-CBD1B93DEC8C}.Release|Any CPU.ActiveCfg = Release|Any CPU
		{B926E6E0-D6BD-42AD-A044-CBD1B93DEC8C}.Release|Any CPU.Build.0 = Release|Any CPU
		{03282B3C-A01B-4F84-BD29-7EC433637AE2}.Debug|Any CPU.ActiveCfg = Debug|Any CPU
		{03282B3C-A01B-4F84-BD29-7EC433637AE2}.Debug|Any CPU.Build.0 = Debug|Any CPU
		{03282B3C-A01B-4F84-BD29-7EC433637AE2}.Release|Any CPU.ActiveCfg = Release|Any CPU
		{03282B3C-A01B-4F84-BD29-7EC433637AE2}.Release|Any CPU.Build.0 = Release|Any CPU
		{3920A70C-893F-4EE3-8A1E-8D945714FBAE}.Debug|Any CPU.ActiveCfg = Debug|Any CPU
		{3920A70C-893F-4EE3-8A1E-8D945714FBAE}.Debug|Any CPU.Build.0 = Debug|Any CPU
		{3920A70C-893F-4EE3-8A1E-8D945714FBAE}.Release|Any CPU.ActiveCfg = Release|Any CPU
		{3920A70C-893F-4EE3-8A1E-8D945714FBAE}.Release|Any CPU.Build.0 = Release|Any CPU
	EndGlobalSection
	GlobalSection(SolutionProperties) = preSolution
		HideSolutionNode = FALSE
	EndGlobalSection
EndGlobal
